
Microsoft Visual Studio Solution File, Format Version 12.00
# Visual Studio Version 16
VisualStudioVersion = 16.0.29306.81
MinimumVisualStudioVersion = 10.0.40219.1
Project("{FAE04EC0-301F-11D3-BF4B-00C04F79EFBC}") = "PWS_6", "PWS_6\PWS_6.csproj", "{EA9B83CA-3D19-45CF-9BAA-79D571A941D7}"
EndProject
Project("{FAE04EC0-301F-11D3-BF4B-00C04F79EFBC}") = "PWS_6_Client", "PWS_6_Client\PWS_6_Client.csproj", "{47965033-E776-450C-87E7-064F31281562}"
EndProject
Global
	GlobalSection(SolutionConfigurationPlatforms) = preSolution
		Debug|Any CPU = Debug|Any CPU
		Release|Any CPU = Release|Any CPU
	EndGlobalSection
	GlobalSection(ProjectConfigurationPlatforms) = postSolution
		{EA9B83CA-3D19-45CF-9BAA-79D571A941D7}.Debug|Any CPU.ActiveCfg = Debug|Any CPU
		{EA9B83CA-3D19-45CF-9BAA-79D571A941D7}.Debug|Any CPU.Build.0 = Debug|Any CPU
		{EA9B83CA-3D19-45CF-9BAA-79D571A941D7}.Release|Any CPU.ActiveCfg = Release|Any CPU
		{EA9B83CA-3D19-45CF-9BAA-79D571A941D7}.Release|Any CPU.Build.0 = Release|Any CPU
		{47965033-E776-450C-87E7-064F31281562}.Debug|Any CPU.ActiveCfg = Debug|Any CPU
		{47965033-E776-450C-87E7-064F31281562}.Debug|Any CPU.Build.0 = Debug|Any CPU
		{47965033-E776-450C-87E7-064F31281562}.Release|Any CPU.ActiveCfg = Release|Any CPU
		{47965033-E776-450C-87E7-064F31281562}.Release|Any CPU.Build.0 = Release|Any CPU
	EndGlobalSection
	GlobalSection(SolutionProperties) = preSolution
		HideSolutionNode = FALSE
	EndGlobalSection
	GlobalSection(ExtensibilityGlobals) = postSolution
		SolutionGuid = {0A464FB1-04BF-4FE0-A8B9-A261B6779424}
	EndGlobalSection
EndGlobal
