
Microsoft Visual Studio Solution File, Format Version 12.00
# Visual Studio Version 16
VisualStudioVersion = 16.0.29020.237
MinimumVisualStudioVersion = 10.0.40219.1
Project("{FAE04EC0-301F-11D3-BF4B-00C04F79EFBC}") = "WindowsFormsApp", "WindowsFormsApp\WindowsFormsApp.csproj", "{65159430-F107-4BC8-BD75-C0A8C82FEFE8}"
	ProjectSection(ProjectDependencies) = postProject
		{EAF8F47D-8BE0-463D-B3AA-5462C363CC92} = {EAF8F47D-8BE0-463D-B3AA-5462C363CC92}
	EndProjectSection
EndProject
Project("{FAE04EC0-301F-11D3-BF4B-00C04F79EFBC}") = "WebApplication1", "WebApplication1\WebApplication1.csproj", "{EAF8F47D-8BE0-463D-B3AA-5462C363CC92}"
EndProject
Global
	GlobalSection(SolutionConfigurationPlatforms) = preSolution
		Debug|Any CPU = Debug|Any CPU
		Release|Any CPU = Release|Any CPU
	EndGlobalSection
	GlobalSection(ProjectConfigurationPlatforms) = postSolution
		{65159430-F107-4BC8-BD75-C0A8C82FEFE8}.Debug|Any CPU.ActiveCfg = Debug|Any CPU
		{65159430-F107-4BC8-BD75-C0A8C82FEFE8}.Debug|Any CPU.Build.0 = Debug|Any CPU
		{65159430-F107-4BC8-BD75-C0A8C82FEFE8}.Release|Any CPU.ActiveCfg = Release|Any CPU
		{65159430-F107-4BC8-BD75-C0A8C82FEFE8}.Release|Any CPU.Build.0 = Release|Any CPU
		{EAF8F47D-8BE0-463D-B3AA-5462C363CC92}.Debug|Any CPU.ActiveCfg = Debug|Any CPU
		{EAF8F47D-8BE0-463D-B3AA-5462C363CC92}.Debug|Any CPU.Build.0 = Debug|Any CPU
		{EAF8F47D-8BE0-463D-B3AA-5462C363CC92}.Release|Any CPU.ActiveCfg = Release|Any CPU
		{EAF8F47D-8BE0-463D-B3AA-5462C363CC92}.Release|Any CPU.Build.0 = Release|Any CPU
	EndGlobalSection
	GlobalSection(SolutionProperties) = preSolution
		HideSolutionNode = FALSE
	EndGlobalSection
	GlobalSection(ExtensibilityGlobals) = postSolution
		SolutionGuid = {6F299E9C-5B7A-4751-B05D-568256F6D63C}
	EndGlobalSection
EndGlobal
