
Microsoft Visual Studio Solution File, Format Version 12.00
# Visual Studio Version 16
VisualStudioVersion = 16.0.29020.237
MinimumVisualStudioVersion = 10.0.40219.1
Project("{FAE04EC0-301F-11D3-BF4B-00C04F79EFBC}") = "JRService", "JRService\JRService.csproj", "{C1B9EEF8-56B5-4C59-9CB2-5A6EBF5C9626}"
EndProject
Global
	GlobalSection(SolutionConfigurationPlatforms) = preSolution
		Debug|Any CPU = Debug|Any CPU
		Release|Any CPU = Release|Any CPU
	EndGlobalSection
	GlobalSection(ProjectConfigurationPlatforms) = postSolution
		{C1B9EEF8-56B5-4C59-9CB2-5A6EBF5C9626}.Debug|Any CPU.ActiveCfg = Debug|Any CPU
		{C1B9EEF8-56B5-4C59-9CB2-5A6EBF5C9626}.Debug|Any CPU.Build.0 = Debug|Any CPU
		{C1B9EEF8-56B5-4C59-9CB2-5A6EBF5C9626}.Release|Any CPU.ActiveCfg = Release|Any CPU
		{C1B9EEF8-56B5-4C59-9CB2-5A6EBF5C9626}.Release|Any CPU.Build.0 = Release|Any CPU
	EndGlobalSection
	GlobalSection(SolutionProperties) = preSolution
		HideSolutionNode = FALSE
	EndGlobalSection
	GlobalSection(ExtensibilityGlobals) = postSolution
		SolutionGuid = {F921E32D-E09B-40E2-80D4-C55389454351}
	EndGlobalSection
EndGlobal
